{
  "name": "listen-to-relay",
  "version": "1.0.0",
  "lockfileVersion": 3,
  "requires": true,
  "packages": {
    "": {
      "name": "listen-to-relay",
      "version": "1.0.0",
      "license": "ISC",
      "dependencies": {
        "@skyware/firehose": "^0.5.2"
      }
    },
    "node_modules/@atcute/car": {
      "version": "3.1.3",
      "resolved": "https://registry.npmjs.org/@atcute/car/-/car-3.1.3.tgz",
      "integrity": "sha512-WJ13bAEt7TjDMVi09ubjLtvhdljbWInGm9Kfy7Y6NhrmiyC/aZYaA/zHX/bHI6xv1c/h3SQduWqxOr4ae49eqA==",
      "license": "0BSD",
      "dependencies": {
        "@atcute/cbor": "^2.2.7",
        "@atcute/cid": "^2.2.5",
        "@atcute/uint8array": "^1.0.5",
        "@atcute/varint": "^1.0.3",
        "yocto-queue": "^1.2.1"
      }
    },
    "node_modules/@atcute/cbor": {
      "version": "2.2.7",
      "resolved": "https://registry.npmjs.org/@atcute/cbor/-/cbor-2.2.7.tgz",
      "integrity": "sha512-/mwAF0gnokOphceZqFq3uzMGdd8sbw5y6bxF8CRutRkCCUcpjjpJc5fkLwhxyGgOveF3mZuHE6p7t/+IAqb7Aw==",
      "license": "0BSD",
      "dependencies": {
        "@atcute/cid": "^2.2.5",
        "@atcute/multibase": "^1.1.6",
        "@atcute/uint8array": "^1.0.5"
      }
    },
    "node_modules/@atcute/cid": {
      "version": "2.2.6",
      "resolved": "https://registry.npmjs.org/@atcute/cid/-/cid-2.2.6.tgz",
      "integrity": "sha512-bTAHHbJ24p+E//V4KCS4xdmd39o211jJswvqQOevj7vk+5IYcgDLx1ryZWZ1sEPOo9x875li/kj5gpKL14RDwQ==",
      "license": "0BSD",
      "dependencies": {
        "@atcute/multibase": "^1.1.6",
        "@atcute/uint8array": "^1.0.5"
      }
    },
    "node_modules/@atcute/multibase": {
      "version": "1.1.6",
      "resolved": "https://registry.npmjs.org/@atcute/multibase/-/multibase-1.1.6.tgz",
      "integrity": "sha512-HBxuCgYLKPPxETV0Rot4VP9e24vKl8JdzGCZOVsDaOXJgbRZoRIF67Lp0H/OgnJeH/Xpva8Z5ReoTNJE5dn3kg==",
      "license": "0BSD",
      "dependencies": {
        "@atcute/uint8array": "^1.0.5"
      }
    },
    "node_modules/@atcute/uint8array": {
      "version": "1.0.5",
      "resolved": "https://registry.npmjs.org/@atcute/uint8array/-/uint8array-1.0.5.tgz",
      "integrity": "sha512-XLWWxoR2HNl2qU+FCr0rp1APwJXci7HnzbOQLxK55OaMNBXZ19+xNC5ii4QCsThsDxa4JS/JTzuiQLziITWf2Q==",
      "license": "0BSD"
    },
    "node_modules/@atcute/varint": {
      "version": "1.0.3",
      "resolved": "https://registry.npmjs.org/@atcute/varint/-/varint-1.0.3.tgz",
      "integrity": "sha512-fdvMPyBB+McDT+Ai5e9RwEbwYV4yjZ60S2Dn5PTjGqUyxvoCH1z42viuheDZRUDkmfQehXJTZ5az7dSozVNtog==",
      "license": "0BSD"
    },
    "node_modules/@skyware/firehose": {
      "version": "0.5.2",
      "resolved": "https://registry.npmjs.org/@skyware/firehose/-/firehose-0.5.2.tgz",
      "integrity": "sha512-Ayg/cF0BkakBNQVA51ClDka0+nC96WiARNrGElMQxfqbwao0PBaCXkunfr8qS4DWS3TqLnR6hA9mvm1vAYlxJQ==",
      "license": "MPL-2.0",
      "dependencies": {
        "@atcute/car": "^3.0.3",
        "@atcute/cbor": "^2.2.2",
        "nanoevents": "^9.1.0"
      }
    },
    "node_modules/nanoevents": {
      "version": "9.1.0",
      "resolved": "https://registry.npmjs.org/nanoevents/-/nanoevents-9.1.0.tgz",
      "integrity": "sha512-Jd0fILWG44a9luj8v5kED4WI+zfkkgwKyRQKItTtlPfEsh7Lznfi1kr8/iZ+XAIss4Qq5GqRB0qtWbaz9ceO/A==",
      "license": "MIT",
      "engines": {
        "node": "^18.0.0 || >=20.0.0"
      }
    },
    "node_modules/yocto-queue": {
      "version": "1.2.1",
      "resolved": "https://registry.npmjs.org/yocto-queue/-/yocto-queue-1.2.1.tgz",
      "integrity": "sha512-AyeEbWOu/TAXdxlV9wmGcR0+yh2j3vYPGOECcIj2S7MkrLyC7ne+oye2BKTItt0ii2PHk4cDy+95+LshzbXnGg==",
      "license": "MIT",
      "engines": {
        "node": ">=12.20"
      },
      "funding": {
        "url": "https://github.com/sponsors/sindresorhus"
      }
    }
  }
}
